
Microsoft Visual Studio Solution File, Format Version 12.00
# Visual Studio Version 16
VisualStudioVersion = 16.0.30413.136
MinimumVisualStudioVersion = 10.0.40219.1
Project("{FAE04EC0-301F-11D3-BF4B-00C04F79EFBC}") = "my.first.api", "my.first.api\my.first.api.csproj", "{41D3DEB5-F61E-4B7E-A315-B5345DF917AD}"
EndProject
Project("{2150E333-8FDC-42A3-9474-1A3956D46DE8}") = "api", "api", "{81C936B7-5738-47E6-9BCE-08F7DCADE9DE}"
EndProject
Project("{2150E333-8FDC-42A3-9474-1A3956D46DE8}") = "production", "production", "{AD2D3F9A-333E-454F-B6FE-8A36E0F0D61F}"
EndProject
Project("{2150E333-8FDC-42A3-9474-1A3956D46DE8}") = "sandbox", "sandbox", "{3EE533C5-70E6-4723-ADE7-F50ACF4D4095}"
EndProject
Project("{FAE04EC0-301F-11D3-BF4B-00C04F79EFBC}") = "my.first.controllers", "my.first.controllers\my.first.controllers.csproj", "{92CC04F1-FC59-4949-BB47-8918C7A988C9}"
EndProject
Project("{FAE04EC0-301F-11D3-BF4B-00C04F79EFBC}") = "my.first.implementation", "my.first.implementation\my.first.implementation.csproj", "{3DEF560F-54FB-44BE-9B97-DA81A5F97B88}"
EndProject
Project("{FAE04EC0-301F-11D3-BF4B-00C04F79EFBC}") = "my.first.interfaces", "my.first.interfaces\my.first.interfaces.csproj", "{2B82C259-5A7D-4DB1-8CA4-3EC8B7AB3072}"
EndProject
Project("{FAE04EC0-301F-11D3-BF4B-00C04F79EFBC}") = "my.first.types", "my.first.types\my.first.types.csproj", "{00E82D3B-A98D-4E50-BD3C-F527CE0C6AE2}"
EndProject
Global
	GlobalSection(SolutionConfigurationPlatforms) = preSolution
		Debug|Any CPU = Debug|Any CPU
		Release|Any CPU = Release|Any CPU
	EndGlobalSection
	GlobalSection(ProjectConfigurationPlatforms) = postSolution
		{41D3DEB5-F61E-4B7E-A315-B5345DF917AD}.Debug|Any CPU.ActiveCfg = Debug|Any CPU
		{41D3DEB5-F61E-4B7E-A315-B5345DF917AD}.Debug|Any CPU.Build.0 = Debug|Any CPU
		{41D3DEB5-F61E-4B7E-A315-B5345DF917AD}.Release|Any CPU.ActiveCfg = Release|Any CPU
		{41D3DEB5-F61E-4B7E-A315-B5345DF917AD}.Release|Any CPU.Build.0 = Release|Any CPU
		{92CC04F1-FC59-4949-BB47-8918C7A988C9}.Debug|Any CPU.ActiveCfg = Debug|Any CPU
		{92CC04F1-FC59-4949-BB47-8918C7A988C9}.Debug|Any CPU.Build.0 = Debug|Any CPU
		{92CC04F1-FC59-4949-BB47-8918C7A988C9}.Release|Any CPU.ActiveCfg = Release|Any CPU
		{92CC04F1-FC59-4949-BB47-8918C7A988C9}.Release|Any CPU.Build.0 = Release|Any CPU
		{3DEF560F-54FB-44BE-9B97-DA81A5F97B88}.Debug|Any CPU.ActiveCfg = Debug|Any CPU
		{3DEF560F-54FB-44BE-9B97-DA81A5F97B88}.Debug|Any CPU.Build.0 = Debug|Any CPU
		{3DEF560F-54FB-44BE-9B97-DA81A5F97B88}.Release|Any CPU.ActiveCfg = Release|Any CPU
		{3DEF560F-54FB-44BE-9B97-DA81A5F97B88}.Release|Any CPU.Build.0 = Release|Any CPU
		{2B82C259-5A7D-4DB1-8CA4-3EC8B7AB3072}.Debug|Any CPU.ActiveCfg = Debug|Any CPU
		{2B82C259-5A7D-4DB1-8CA4-3EC8B7AB3072}.Debug|Any CPU.Build.0 = Debug|Any CPU
		{2B82C259-5A7D-4DB1-8CA4-3EC8B7AB3072}.Release|Any CPU.ActiveCfg = Release|Any CPU
		{2B82C259-5A7D-4DB1-8CA4-3EC8B7AB3072}.Release|Any CPU.Build.0 = Release|Any CPU
		{00E82D3B-A98D-4E50-BD3C-F527CE0C6AE2}.Debug|Any CPU.ActiveCfg = Debug|Any CPU
		{00E82D3B-A98D-4E50-BD3C-F527CE0C6AE2}.Debug|Any CPU.Build.0 = Debug|Any CPU
		{00E82D3B-A98D-4E50-BD3C-F527CE0C6AE2}.Release|Any CPU.ActiveCfg = Release|Any CPU
		{00E82D3B-A98D-4E50-BD3C-F527CE0C6AE2}.Release|Any CPU.Build.0 = Release|Any CPU
	EndGlobalSection
	GlobalSection(SolutionProperties) = preSolution
		HideSolutionNode = FALSE
	EndGlobalSection
	GlobalSection(NestedProjects) = preSolution
		{AD2D3F9A-333E-454F-B6FE-8A36E0F0D61F} = {81C936B7-5738-47E6-9BCE-08F7DCADE9DE}
		{3EE533C5-70E6-4723-ADE7-F50ACF4D4095} = {81C936B7-5738-47E6-9BCE-08F7DCADE9DE}
		{92CC04F1-FC59-4949-BB47-8918C7A988C9} = {AD2D3F9A-333E-454F-B6FE-8A36E0F0D61F}
		{3DEF560F-54FB-44BE-9B97-DA81A5F97B88} = {AD2D3F9A-333E-454F-B6FE-8A36E0F0D61F}
		{2B82C259-5A7D-4DB1-8CA4-3EC8B7AB3072} = {AD2D3F9A-333E-454F-B6FE-8A36E0F0D61F}
		{00E82D3B-A98D-4E50-BD3C-F527CE0C6AE2} = {AD2D3F9A-333E-454F-B6FE-8A36E0F0D61F}
	EndGlobalSection
	GlobalSection(ExtensibilityGlobals) = postSolution
		SolutionGuid = {0D0BBAAB-C4F4-407A-80D0-B24C9133D58A}
	EndGlobalSection
EndGlobal
